
Microsoft Visual Studio Solution File, Format Version 12.00
# Visual Studio Version 17
VisualStudioVersion = 17.11.35327.3
MinimumVisualStudioVersion = 10.0.40219.1
Project("{9A19103F-16F7-4668-BE54-9A1E7A4F7556}") = "ChessMate", "ChessMate\ChessMate.csproj", "{D85A79D7-4022-46A2-8B59-10C96E61AF7D}"
EndProject
Project("{FAE04EC0-301F-11D3-BF4B-00C04F79EFBC}") = "ChessMate.Tests", "ChessMate.Tests\ChessMate.Tests.csproj", "{47F0BCC8-6EE1-4617-B0BD-FC2F13874869}"
EndProject
Global
	GlobalSection(SolutionConfigurationPlatforms) = preSolution
		Debug|Any CPU = Debug|Any CPU
		Release|Any CPU = Release|Any CPU
	EndGlobalSection
	GlobalSection(ProjectConfigurationPlatforms) = postSolution
		{D85A79D7-4022-46A2-8B59-10C96E61AF7D}.Debug|Any CPU.ActiveCfg = Debug|Any CPU
		{D85A79D7-4022-46A2-8B59-10C96E61AF7D}.Debug|Any CPU.Build.0 = Debug|Any CPU
		{D85A79D7-4022-46A2-8B59-10C96E61AF7D}.Release|Any CPU.ActiveCfg = Release|Any CPU
		{D85A79D7-4022-46A2-8B59-10C96E61AF7D}.Release|Any CPU.Build.0 = Release|Any CPU
		{47F0BCC8-6EE1-4617-B0BD-FC2F13874869}.Debug|Any CPU.ActiveCfg = Debug|Any CPU
		{47F0BCC8-6EE1-4617-B0BD-FC2F13874869}.Debug|Any CPU.Build.0 = Debug|Any CPU
		{47F0BCC8-6EE1-4617-B0BD-FC2F13874869}.Release|Any CPU.ActiveCfg = Release|Any CPU
		{47F0BCC8-6EE1-4617-B0BD-FC2F13874869}.Release|Any CPU.Build.0 = Release|Any CPU
	EndGlobalSection
	GlobalSection(SolutionProperties) = preSolution
		HideSolutionNode = FALSE
	EndGlobalSection
	GlobalSection(ExtensibilityGlobals) = postSolution
		SolutionGuid = {A7FB7E69-932F-480C-A431-952749FF01CE}
	EndGlobalSection
EndGlobal
